
Microsoft Visual Studio Solution File, Format Version 12.00
# Visual Studio 2013
VisualStudioVersion = 12.0.31101.0
MinimumVisualStudioVersion = 10.0.40219.1
Project("{2150E333-8FDC-42A3-9474-1A3956D46DE8}") = "Forms", "Forms", "{863D4CA5-5CA7-4374-8F84-91620FD5B4A1}"
EndProject
Project("{FAE04EC0-301F-11D3-BF4B-00C04F79EFBC}") = "Drivis.XForms", "Drivis.XForms\Drivis.XForms\Drivis.XForms.csproj", "{4A342B6B-97C0-4E34-B2A8-FC200BEC5754}"
EndProject
Project("{FAE04EC0-301F-11D3-BF4B-00C04F79EFBC}") = "Drivis.XForms.iOS", "Drivis.XForms\Drivis.XForms.iOS\Drivis.XForms.iOS.csproj", "{08359099-7DDB-4819-AFFE-4816CD5E2A24}"
EndProject
Project("{FAE04EC0-301F-11D3-BF4B-00C04F79EFBC}") = "Drivis.XForms.Droid", "Drivis.XForms\Drivis.XForms.Droid\Drivis.XForms.Droid.csproj", "{97F221CA-0BFD-453A-99FA-3A470D572B77}"
EndProject
Project("{FAE04EC0-301F-11D3-BF4B-00C04F79EFBC}") = "Drivis.XForms.WinPhone", "Drivis.XForms\Drivis.XForms.WinPhone\Drivis.XForms.WinPhone.csproj", "{A20C4B19-336E-42FA-AE87-2713CC541859}"
EndProject
Project("{FAE04EC0-301F-11D3-BF4B-00C04F79EFBC}") = "Drivis.Core", "Drivis.Core\Drivis.Core.csproj", "{B354AEED-5E35-4E0D-8257-1601BC983091}"
EndProject
Project("{2150E333-8FDC-42A3-9474-1A3956D46DE8}") = "Tests", "Tests", "{16AEA1DA-BF52-4E7B-9521-BAFC3D2C2B5E}"
EndProject
Project("{FAE04EC0-301F-11D3-BF4B-00C04F79EFBC}") = "UITests", "UITests\UITests.csproj", "{4EADF88E-DFF0-471B-B476-EA0074F0735A}"
EndProject
Global
	GlobalSection(SolutionConfigurationPlatforms) = preSolution
		Ad-Hoc|Any CPU = Ad-Hoc|Any CPU
		Ad-Hoc|ARM = Ad-Hoc|ARM
		Ad-Hoc|iPhone = Ad-Hoc|iPhone
		Ad-Hoc|iPhoneSimulator = Ad-Hoc|iPhoneSimulator
		Ad-Hoc|Mixed Platforms = Ad-Hoc|Mixed Platforms
		Ad-Hoc|x86 = Ad-Hoc|x86
		AppStore|Any CPU = AppStore|Any CPU
		AppStore|ARM = AppStore|ARM
		AppStore|iPhone = AppStore|iPhone
		AppStore|iPhoneSimulator = AppStore|iPhoneSimulator
		AppStore|Mixed Platforms = AppStore|Mixed Platforms
		AppStore|x86 = AppStore|x86
		Debug|Any CPU = Debug|Any CPU
		Debug|ARM = Debug|ARM
		Debug|iPhone = Debug|iPhone
		Debug|iPhoneSimulator = Debug|iPhoneSimulator
		Debug|Mixed Platforms = Debug|Mixed Platforms
		Debug|x86 = Debug|x86
		Release|Any CPU = Release|Any CPU
		Release|ARM = Release|ARM
		Release|iPhone = Release|iPhone
		Release|iPhoneSimulator = Release|iPhoneSimulator
		Release|Mixed Platforms = Release|Mixed Platforms
		Release|x86 = Release|x86
	EndGlobalSection
	GlobalSection(ProjectConfigurationPlatforms) = postSolution
		{4A342B6B-97C0-4E34-B2A8-FC200BEC5754}.Ad-Hoc|Any CPU.ActiveCfg = Release|Any CPU
		{4A342B6B-97C0-4E34-B2A8-FC200BEC5754}.Ad-Hoc|Any CPU.Build.0 = Release|Any CPU
		{4A342B6B-97C0-4E34-B2A8-FC200BEC5754}.Ad-Hoc|ARM.ActiveCfg = Release|Any CPU
		{4A342B6B-97C0-4E34-B2A8-FC200BEC5754}.Ad-Hoc|iPhone.ActiveCfg = Release|Any CPU
		{4A342B6B-97C0-4E34-B2A8-FC200BEC5754}.Ad-Hoc|iPhoneSimulator.ActiveCfg = Release|Any CPU
		{4A342B6B-97C0-4E34-B2A8-FC200BEC5754}.Ad-Hoc|Mixed Platforms.ActiveCfg = Release|Any CPU
		{4A342B6B-97C0-4E34-B2A8-FC200BEC5754}.Ad-Hoc|Mixed Platforms.Build.0 = Release|Any CPU
		{4A342B6B-97C0-4E34-B2A8-FC200BEC5754}.Ad-Hoc|x86.ActiveCfg = Release|Any CPU
		{4A342B6B-97C0-4E34-B2A8-FC200BEC5754}.AppStore|Any CPU.ActiveCfg = Release|Any CPU
		{4A342B6B-97C0-4E34-B2A8-FC200BEC5754}.AppStore|Any CPU.Build.0 = Release|Any CPU
		{4A342B6B-97C0-4E34-B2A8-FC200BEC5754}.AppStore|ARM.ActiveCfg = Release|Any CPU
		{4A342B6B-97C0-4E34-B2A8-FC200BEC5754}.AppStore|iPhone.ActiveCfg = Release|Any CPU
		{4A342B6B-97C0-4E34-B2A8-FC200BEC5754}.AppStore|iPhoneSimulator.ActiveCfg = Release|Any CPU
		{4A342B6B-97C0-4E34-B2A8-FC200BEC5754}.AppStore|Mixed Platforms.ActiveCfg = Release|Any CPU
		{4A342B6B-97C0-4E34-B2A8-FC200BEC5754}.AppStore|Mixed Platforms.Build.0 = Release|Any CPU
		{4A342B6B-97C0-4E34-B2A8-FC200BEC5754}.AppStore|x86.ActiveCfg = Release|Any CPU
		{4A342B6B-97C0-4E34-B2A8-FC200BEC5754}.Debug|Any CPU.ActiveCfg = Debug|Any CPU
		{4A342B6B-97C0-4E34-B2A8-FC200BEC5754}.Debug|Any CPU.Build.0 = Debug|Any CPU
		{4A342B6B-97C0-4E34-B2A8-FC200BEC5754}.Debug|ARM.ActiveCfg = Debug|Any CPU
		{4A342B6B-97C0-4E34-B2A8-FC200BEC5754}.Debug|iPhone.ActiveCfg = Debug|Any CPU
		{4A342B6B-97C0-4E34-B2A8-FC200BEC5754}.Debug|iPhoneSimulator.ActiveCfg = Debug|Any CPU
		{4A342B6B-97C0-4E34-B2A8-FC200BEC5754}.Debug|Mixed Platforms.ActiveCfg = Debug|Any CPU
		{4A342B6B-97C0-4E34-B2A8-FC200BEC5754}.Debug|Mixed Platforms.Build.0 = Debug|Any CPU
		{4A342B6B-97C0-4E34-B2A8-FC200BEC5754}.Debug|x86.ActiveCfg = Debug|Any CPU
		{4A342B6B-97C0-4E34-B2A8-FC200BEC5754}.Release|Any CPU.ActiveCfg = Release|Any CPU
		{4A342B6B-97C0-4E34-B2A8-FC200BEC5754}.Release|Any CPU.Build.0 = Release|Any CPU
		{4A342B6B-97C0-4E34-B2A8-FC200BEC5754}.Release|ARM.ActiveCfg = Release|Any CPU
		{4A342B6B-97C0-4E34-B2A8-FC200BEC5754}.Release|iPhone.ActiveCfg = Release|Any CPU
		{4A342B6B-97C0-4E34-B2A8-FC200BEC5754}.Release|iPhoneSimulator.ActiveCfg = Release|Any CPU
		{4A342B6B-97C0-4E34-B2A8-FC200BEC5754}.Release|Mixed Platforms.ActiveCfg = Release|Any CPU
		{4A342B6B-97C0-4E34-B2A8-FC200BEC5754}.Release|Mixed Platforms.Build.0 = Release|Any CPU
		{4A342B6B-97C0-4E34-B2A8-FC200BEC5754}.Release|x86.ActiveCfg = Release|Any CPU
		{08359099-7DDB-4819-AFFE-4816CD5E2A24}.Ad-Hoc|Any CPU.ActiveCfg = Ad-Hoc|iPhone
		{08359099-7DDB-4819-AFFE-4816CD5E2A24}.Ad-Hoc|ARM.ActiveCfg = Ad-Hoc|iPhone
		{08359099-7DDB-4819-AFFE-4816CD5E2A24}.Ad-Hoc|iPhone.ActiveCfg = Ad-Hoc|iPhone
		{08359099-7DDB-4819-AFFE-4816CD5E2A24}.Ad-Hoc|iPhone.Build.0 = Ad-Hoc|iPhone
		{08359099-7DDB-4819-AFFE-4816CD5E2A24}.Ad-Hoc|iPhoneSimulator.ActiveCfg = Ad-Hoc|iPhoneSimulator
		{08359099-7DDB-4819-AFFE-4816CD5E2A24}.Ad-Hoc|iPhoneSimulator.Build.0 = Ad-Hoc|iPhoneSimulator
		{08359099-7DDB-4819-AFFE-4816CD5E2A24}.Ad-Hoc|Mixed Platforms.ActiveCfg = Ad-Hoc|iPhone
		{08359099-7DDB-4819-AFFE-4816CD5E2A24}.Ad-Hoc|Mixed Platforms.Build.0 = Ad-Hoc|iPhone
		{08359099-7DDB-4819-AFFE-4816CD5E2A24}.Ad-Hoc|x86.ActiveCfg = Ad-Hoc|iPhone
		{08359099-7DDB-4819-AFFE-4816CD5E2A24}.AppStore|Any CPU.ActiveCfg = AppStore|iPhone
		{08359099-7DDB-4819-AFFE-4816CD5E2A24}.AppStore|ARM.ActiveCfg = AppStore|iPhone
		{08359099-7DDB-4819-AFFE-4816CD5E2A24}.AppStore|iPhone.ActiveCfg = AppStore|iPhone
		{08359099-7DDB-4819-AFFE-4816CD5E2A24}.AppStore|iPhone.Build.0 = AppStore|iPhone
		{08359099-7DDB-4819-AFFE-4816CD5E2A24}.AppStore|iPhoneSimulator.ActiveCfg = AppStore|iPhoneSimulator
		{08359099-7DDB-4819-AFFE-4816CD5E2A24}.AppStore|iPhoneSimulator.Build.0 = AppStore|iPhoneSimulator
		{08359099-7DDB-4819-AFFE-4816CD5E2A24}.AppStore|Mixed Platforms.ActiveCfg = AppStore|iPhone
		{08359099-7DDB-4819-AFFE-4816CD5E2A24}.AppStore|Mixed Platforms.Build.0 = AppStore|iPhone
		{08359099-7DDB-4819-AFFE-4816CD5E2A24}.AppStore|x86.ActiveCfg = AppStore|iPhone
		{08359099-7DDB-4819-AFFE-4816CD5E2A24}.Debug|Any CPU.ActiveCfg = Debug|iPhone
		{08359099-7DDB-4819-AFFE-4816CD5E2A24}.Debug|ARM.ActiveCfg = Debug|iPhone
		{08359099-7DDB-4819-AFFE-4816CD5E2A24}.Debug|iPhone.ActiveCfg = Debug|iPhone
		{08359099-7DDB-4819-AFFE-4816CD5E2A24}.Debug|iPhone.Build.0 = Debug|iPhone
		{08359099-7DDB-4819-AFFE-4816CD5E2A24}.Debug|iPhoneSimulator.ActiveCfg = Debug|iPhoneSimulator
		{08359099-7DDB-4819-AFFE-4816CD5E2A24}.Debug|iPhoneSimulator.Build.0 = Debug|iPhoneSimulator
		{08359099-7DDB-4819-AFFE-4816CD5E2A24}.Debug|Mixed Platforms.ActiveCfg = Debug|iPhone
		{08359099-7DDB-4819-AFFE-4816CD5E2A24}.Debug|Mixed Platforms.Build.0 = Debug|iPhone
		{08359099-7DDB-4819-AFFE-4816CD5E2A24}.Debug|x86.ActiveCfg = Debug|iPhone
		{08359099-7DDB-4819-AFFE-4816CD5E2A24}.Release|Any CPU.ActiveCfg = Release|iPhone
		{08359099-7DDB-4819-AFFE-4816CD5E2A24}.Release|ARM.ActiveCfg = Release|iPhone
		{08359099-7DDB-4819-AFFE-4816CD5E2A24}.Release|iPhone.ActiveCfg = Release|iPhone
		{08359099-7DDB-4819-AFFE-4816CD5E2A24}.Release|iPhone.Build.0 = Release|iPhone
		{08359099-7DDB-4819-AFFE-4816CD5E2A24}.Release|iPhoneSimulator.ActiveCfg = Release|iPhoneSimulator
		{08359099-7DDB-4819-AFFE-4816CD5E2A24}.Release|iPhoneSimulator.Build.0 = Release|iPhoneSimulator
		{08359099-7DDB-4819-AFFE-4816CD5E2A24}.Release|Mixed Platforms.ActiveCfg = Release|iPhone
		{08359099-7DDB-4819-AFFE-4816CD5E2A24}.Release|Mixed Platforms.Build.0 = Release|iPhone
		{08359099-7DDB-4819-AFFE-4816CD5E2A24}.Release|x86.ActiveCfg = Release|iPhone
		{97F221CA-0BFD-453A-99FA-3A470D572B77}.Ad-Hoc|Any CPU.ActiveCfg = Release|Any CPU
		{97F221CA-0BFD-453A-99FA-3A470D572B77}.Ad-Hoc|Any CPU.Build.0 = Release|Any CPU
		{97F221CA-0BFD-453A-99FA-3A470D572B77}.Ad-Hoc|Any CPU.Deploy.0 = Release|Any CPU
		{97F221CA-0BFD-453A-99FA-3A470D572B77}.Ad-Hoc|ARM.ActiveCfg = Release|Any CPU
		{97F221CA-0BFD-453A-99FA-3A470D572B77}.Ad-Hoc|iPhone.ActiveCfg = Release|Any CPU
		{97F221CA-0BFD-453A-99FA-3A470D572B77}.Ad-Hoc|iPhoneSimulator.ActiveCfg = Release|Any CPU
		{97F221CA-0BFD-453A-99FA-3A470D572B77}.Ad-Hoc|Mixed Platforms.ActiveCfg = Release|Any CPU
		{97F221CA-0BFD-453A-99FA-3A470D572B77}.Ad-Hoc|Mixed Platforms.Build.0 = Release|Any CPU
		{97F221CA-0BFD-453A-99FA-3A470D572B77}.Ad-Hoc|Mixed Platforms.Deploy.0 = Release|Any CPU
		{97F221CA-0BFD-453A-99FA-3A470D572B77}.Ad-Hoc|x86.ActiveCfg = Release|Any CPU
		{97F221CA-0BFD-453A-99FA-3A470D572B77}.AppStore|Any CPU.ActiveCfg = Release|Any CPU
		{97F221CA-0BFD-453A-99FA-3A470D572B77}.AppStore|Any CPU.Build.0 = Release|Any CPU
		{97F221CA-0BFD-453A-99FA-3A470D572B77}.AppStore|Any CPU.Deploy.0 = Release|Any CPU
		{97F221CA-0BFD-453A-99FA-3A470D572B77}.AppStore|ARM.ActiveCfg = Release|Any CPU
		{97F221CA-0BFD-453A-99FA-3A470D572B77}.AppStore|iPhone.ActiveCfg = Release|Any CPU
		{97F221CA-0BFD-453A-99FA-3A470D572B77}.AppStore|iPhoneSimulator.ActiveCfg = Release|Any CPU
		{97F221CA-0BFD-453A-99FA-3A470D572B77}.AppStore|Mixed Platforms.ActiveCfg = Release|Any CPU
		{97F221CA-0BFD-453A-99FA-3A470D572B77}.AppStore|Mixed Platforms.Build.0 = Release|Any CPU
		{97F221CA-0BFD-453A-99FA-3A470D572B77}.AppStore|Mixed Platforms.Deploy.0 = Release|Any CPU
		{97F221CA-0BFD-453A-99FA-3A470D572B77}.AppStore|x86.ActiveCfg = Release|Any CPU
		{97F221CA-0BFD-453A-99FA-3A470D572B77}.Debug|Any CPU.ActiveCfg = Debug|Any CPU
		{97F221CA-0BFD-453A-99FA-3A470D572B77}.Debug|Any CPU.Build.0 = Debug|Any CPU
		{97F221CA-0BFD-453A-99FA-3A470D572B77}.Debug|Any CPU.Deploy.0 = Debug|Any CPU
		{97F221CA-0BFD-453A-99FA-3A470D572B77}.Debug|ARM.ActiveCfg = Debug|Any CPU
		{97F221CA-0BFD-453A-99FA-3A470D572B77}.Debug|iPhone.ActiveCfg = Debug|Any CPU
		{97F221CA-0BFD-453A-99FA-3A470D572B77}.Debug|iPhoneSimulator.ActiveCfg = Debug|Any CPU
		{97F221CA-0BFD-453A-99FA-3A470D572B77}.Debug|Mixed Platforms.ActiveCfg = Debug|Any CPU
		{97F221CA-0BFD-453A-99FA-3A470D572B77}.Debug|Mixed Platforms.Build.0 = Debug|Any CPU
		{97F221CA-0BFD-453A-99FA-3A470D572B77}.Debug|Mixed Platforms.Deploy.0 = Debug|Any CPU
		{97F221CA-0BFD-453A-99FA-3A470D572B77}.Debug|x86.ActiveCfg = Debug|Any CPU
		{97F221CA-0BFD-453A-99FA-3A470D572B77}.Release|Any CPU.ActiveCfg = Release|Any CPU
		{97F221CA-0BFD-453A-99FA-3A470D572B77}.Release|Any CPU.Build.0 = Release|Any CPU
		{97F221CA-0BFD-453A-99FA-3A470D572B77}.Release|Any CPU.Deploy.0 = Release|Any CPU
		{97F221CA-0BFD-453A-99FA-3A470D572B77}.Release|ARM.ActiveCfg = Release|Any CPU
		{97F221CA-0BFD-453A-99FA-3A470D572B77}.Release|iPhone.ActiveCfg = Release|Any CPU
		{97F221CA-0BFD-453A-99FA-3A470D572B77}.Release|iPhoneSimulator.ActiveCfg = Release|Any CPU
		{97F221CA-0BFD-453A-99FA-3A470D572B77}.Release|Mixed Platforms.ActiveCfg = Release|Any CPU
		{97F221CA-0BFD-453A-99FA-3A470D572B77}.Release|Mixed Platforms.Build.0 = Release|Any CPU
		{97F221CA-0BFD-453A-99FA-3A470D572B77}.Release|Mixed Platforms.Deploy.0 = Release|Any CPU
		{97F221CA-0BFD-453A-99FA-3A470D572B77}.Release|x86.ActiveCfg = Release|Any CPU
		{A20C4B19-336E-42FA-AE87-2713CC541859}.Ad-Hoc|Any CPU.ActiveCfg = Release|Any CPU
		{A20C4B19-336E-42FA-AE87-2713CC541859}.Ad-Hoc|Any CPU.Build.0 = Release|Any CPU
		{A20C4B19-336E-42FA-AE87-2713CC541859}.Ad-Hoc|Any CPU.Deploy.0 = Release|Any CPU
		{A20C4B19-336E-42FA-AE87-2713CC541859}.Ad-Hoc|ARM.ActiveCfg = Release|ARM
		{A20C4B19-336E-42FA-AE87-2713CC541859}.Ad-Hoc|ARM.Build.0 = Release|ARM
		{A20C4B19-336E-42FA-AE87-2713CC541859}.Ad-Hoc|ARM.Deploy.0 = Release|ARM
		{A20C4B19-336E-42FA-AE87-2713CC541859}.Ad-Hoc|iPhone.ActiveCfg = Release|Any CPU
		{A20C4B19-336E-42FA-AE87-2713CC541859}.Ad-Hoc|iPhoneSimulator.ActiveCfg = Release|Any CPU
		{A20C4B19-336E-42FA-AE87-2713CC541859}.Ad-Hoc|Mixed Platforms.ActiveCfg = Release|x86
		{A20C4B19-336E-42FA-AE87-2713CC541859}.Ad-Hoc|Mixed Platforms.Build.0 = Release|x86
		{A20C4B19-336E-42FA-AE87-2713CC541859}.Ad-Hoc|Mixed Platforms.Deploy.0 = Release|x86
		{A20C4B19-336E-42FA-AE87-2713CC541859}.Ad-Hoc|x86.ActiveCfg = Release|x86
		{A20C4B19-336E-42FA-AE87-2713CC541859}.Ad-Hoc|x86.Build.0 = Release|x86
		{A20C4B19-336E-42FA-AE87-2713CC541859}.Ad-Hoc|x86.Deploy.0 = Release|x86
		{A20C4B19-336E-42FA-AE87-2713CC541859}.AppStore|Any CPU.ActiveCfg = Release|Any CPU
		{A20C4B19-336E-42FA-AE87-2713CC541859}.AppStore|Any CPU.Build.0 = Release|Any CPU
		{A20C4B19-336E-42FA-AE87-2713CC541859}.AppStore|Any CPU.Deploy.0 = Release|Any CPU
		{A20C4B19-336E-42FA-AE87-2713CC541859}.AppStore|ARM.ActiveCfg = Release|ARM
		{A20C4B19-336E-42FA-AE87-2713CC541859}.AppStore|ARM.Build.0 = Release|ARM
		{A20C4B19-336E-42FA-AE87-2713CC541859}.AppStore|ARM.Deploy.0 = Release|ARM
		{A20C4B19-336E-42FA-AE87-2713CC541859}.AppStore|iPhone.ActiveCfg = Release|Any CPU
		{A20C4B19-336E-42FA-AE87-2713CC541859}.AppStore|iPhoneSimulator.ActiveCfg = Release|Any CPU
		{A20C4B19-336E-42FA-AE87-2713CC541859}.AppStore|Mixed Platforms.ActiveCfg = Release|x86
		{A20C4B19-336E-42FA-AE87-2713CC541859}.AppStore|Mixed Platforms.Build.0 = Release|x86
		{A20C4B19-336E-42FA-AE87-2713CC541859}.AppStore|Mixed Platforms.Deploy.0 = Release|x86
		{A20C4B19-336E-42FA-AE87-2713CC541859}.AppStore|x86.ActiveCfg = Release|x86
		{A20C4B19-336E-42FA-AE87-2713CC541859}.AppStore|x86.Build.0 = Release|x86
		{A20C4B19-336E-42FA-AE87-2713CC541859}.AppStore|x86.Deploy.0 = Release|x86
		{A20C4B19-336E-42FA-AE87-2713CC541859}.Debug|Any CPU.ActiveCfg = Debug|Any CPU
		{A20C4B19-336E-42FA-AE87-2713CC541859}.Debug|Any CPU.Build.0 = Debug|Any CPU
		{A20C4B19-336E-42FA-AE87-2713CC541859}.Debug|Any CPU.Deploy.0 = Debug|Any CPU
		{A20C4B19-336E-42FA-AE87-2713CC541859}.Debug|ARM.ActiveCfg = Debug|ARM
		{A20C4B19-336E-42FA-AE87-2713CC541859}.Debug|ARM.Build.0 = Debug|ARM
		{A20C4B19-336E-42FA-AE87-2713CC541859}.Debug|ARM.Deploy.0 = Debug|ARM
		{A20C4B19-336E-42FA-AE87-2713CC541859}.Debug|iPhone.ActiveCfg = Debug|Any CPU
		{A20C4B19-336E-42FA-AE87-2713CC541859}.Debug|iPhoneSimulator.ActiveCfg = Debug|Any CPU
		{A20C4B19-336E-42FA-AE87-2713CC541859}.Debug|Mixed Platforms.ActiveCfg = Debug|x86
		{A20C4B19-336E-42FA-AE87-2713CC541859}.Debug|Mixed Platforms.Build.0 = Debug|x86
		{A20C4B19-336E-42FA-AE87-2713CC541859}.Debug|Mixed Platforms.Deploy.0 = Debug|x86
		{A20C4B19-336E-42FA-AE87-2713CC541859}.Debug|x86.ActiveCfg = Debug|x86
		{A20C4B19-336E-42FA-AE87-2713CC541859}.Debug|x86.Build.0 = Debug|x86
		{A20C4B19-336E-42FA-AE87-2713CC541859}.Debug|x86.Deploy.0 = Debug|x86
		{A20C4B19-336E-42FA-AE87-2713CC541859}.Release|Any CPU.ActiveCfg = Release|Any CPU
		{A20C4B19-336E-42FA-AE87-2713CC541859}.Release|Any CPU.Build.0 = Release|Any CPU
		{A20C4B19-336E-42FA-AE87-2713CC541859}.Release|Any CPU.Deploy.0 = Release|Any CPU
		{A20C4B19-336E-42FA-AE87-2713CC541859}.Release|ARM.ActiveCfg = Release|ARM
		{A20C4B19-336E-42FA-AE87-2713CC541859}.Release|ARM.Build.0 = Release|ARM
		{A20C4B19-336E-42FA-AE87-2713CC541859}.Release|ARM.Deploy.0 = Release|ARM
		{A20C4B19-336E-42FA-AE87-2713CC541859}.Release|iPhone.ActiveCfg = Release|Any CPU
		{A20C4B19-336E-42FA-AE87-2713CC541859}.Release|iPhoneSimulator.ActiveCfg = Release|Any CPU
		{A20C4B19-336E-42FA-AE87-2713CC541859}.Release|Mixed Platforms.ActiveCfg = Release|x86
		{A20C4B19-336E-42FA-AE87-2713CC541859}.Release|Mixed Platforms.Build.0 = Release|x86
		{A20C4B19-336E-42FA-AE87-2713CC541859}.Release|Mixed Platforms.Deploy.0 = Release|x86
		{A20C4B19-336E-42FA-AE87-2713CC541859}.Release|x86.ActiveCfg = Release|x86
		{A20C4B19-336E-42FA-AE87-2713CC541859}.Release|x86.Build.0 = Release|x86
		{A20C4B19-336E-42FA-AE87-2713CC541859}.Release|x86.Deploy.0 = Release|x86
		{B354AEED-5E35-4E0D-8257-1601BC983091}.Ad-Hoc|Any CPU.ActiveCfg = Release|Any CPU
		{B354AEED-5E35-4E0D-8257-1601BC983091}.Ad-Hoc|Any CPU.Build.0 = Release|Any CPU
		{B354AEED-5E35-4E0D-8257-1601BC983091}.Ad-Hoc|ARM.ActiveCfg = Release|Any CPU
		{B354AEED-5E35-4E0D-8257-1601BC983091}.Ad-Hoc|iPhone.ActiveCfg = Release|Any CPU
		{B354AEED-5E35-4E0D-8257-1601BC983091}.Ad-Hoc|iPhoneSimulator.ActiveCfg = Release|Any CPU
		{B354AEED-5E35-4E0D-8257-1601BC983091}.Ad-Hoc|Mixed Platforms.ActiveCfg = Release|Any CPU
		{B354AEED-5E35-4E0D-8257-1601BC983091}.Ad-Hoc|Mixed Platforms.Build.0 = Release|Any CPU
		{B354AEED-5E35-4E0D-8257-1601BC983091}.Ad-Hoc|x86.ActiveCfg = Release|Any CPU
		{B354AEED-5E35-4E0D-8257-1601BC983091}.AppStore|Any CPU.ActiveCfg = Release|Any CPU
		{B354AEED-5E35-4E0D-8257-1601BC983091}.AppStore|Any CPU.Build.0 = Release|Any CPU
		{B354AEED-5E35-4E0D-8257-1601BC983091}.AppStore|ARM.ActiveCfg = Release|Any CPU
		{B354AEED-5E35-4E0D-8257-1601BC983091}.AppStore|iPhone.ActiveCfg = Release|Any CPU
		{B354AEED-5E35-4E0D-8257-1601BC983091}.AppStore|iPhoneSimulator.ActiveCfg = Release|Any CPU
		{B354AEED-5E35-4E0D-8257-1601BC983091}.AppStore|Mixed Platforms.ActiveCfg = Release|Any CPU
		{B354AEED-5E35-4E0D-8257-1601BC983091}.AppStore|Mixed Platforms.Build.0 = Release|Any CPU
		{B354AEED-5E35-4E0D-8257-1601BC983091}.AppStore|x86.ActiveCfg = Release|Any CPU
		{B354AEED-5E35-4E0D-8257-1601BC983091}.Debug|Any CPU.ActiveCfg = Debug|Any CPU
		{B354AEED-5E35-4E0D-8257-1601BC983091}.Debug|Any CPU.Build.0 = Debug|Any CPU
		{B354AEED-5E35-4E0D-8257-1601BC983091}.Debug|ARM.ActiveCfg = Debug|Any CPU
		{B354AEED-5E35-4E0D-8257-1601BC983091}.Debug|iPhone.ActiveCfg = Debug|Any CPU
		{B354AEED-5E35-4E0D-8257-1601BC983091}.Debug|iPhoneSimulator.ActiveCfg = Debug|Any CPU
		{B354AEED-5E35-4E0D-8257-1601BC983091}.Debug|Mixed Platforms.ActiveCfg = Debug|Any CPU
		{B354AEED-5E35-4E0D-8257-1601BC983091}.Debug|Mixed Platforms.Build.0 = Debug|Any CPU
		{B354AEED-5E35-4E0D-8257-1601BC983091}.Debug|x86.ActiveCfg = Debug|Any CPU
		{B354AEED-5E35-4E0D-8257-1601BC983091}.Release|Any CPU.ActiveCfg = Release|Any CPU
		{B354AEED-5E35-4E0D-8257-1601BC983091}.Release|Any CPU.Build.0 = Release|Any CPU
		{B354AEED-5E35-4E0D-8257-1601BC983091}.Release|ARM.ActiveCfg = Release|Any CPU
		{B354AEED-5E35-4E0D-8257-1601BC983091}.Release|iPhone.ActiveCfg = Release|Any CPU
		{B354AEED-5E35-4E0D-8257-1601BC983091}.Release|iPhoneSimulator.ActiveCfg = Release|Any CPU
		{B354AEED-5E35-4E0D-8257-1601BC983091}.Release|Mixed Platforms.ActiveCfg = Release|Any CPU
		{B354AEED-5E35-4E0D-8257-1601BC983091}.Release|Mixed Platforms.Build.0 = Release|Any CPU
		{B354AEED-5E35-4E0D-8257-1601BC983091}.Release|x86.ActiveCfg = Release|Any CPU
		{4EADF88E-DFF0-471B-B476-EA0074F0735A}.Ad-Hoc|Any CPU.ActiveCfg = Release|Any CPU
		{4EADF88E-DFF0-471B-B476-EA0074F0735A}.Ad-Hoc|Any CPU.Build.0 = Release|Any CPU
		{4EADF88E-DFF0-471B-B476-EA0074F0735A}.Ad-Hoc|ARM.ActiveCfg = Release|Any CPU
		{4EADF88E-DFF0-471B-B476-EA0074F0735A}.Ad-Hoc|iPhone.ActiveCfg = Release|Any CPU
		{4EADF88E-DFF0-471B-B476-EA0074F0735A}.Ad-Hoc|iPhoneSimulator.ActiveCfg = Release|Any CPU
		{4EADF88E-DFF0-471B-B476-EA0074F0735A}.Ad-Hoc|Mixed Platforms.ActiveCfg = Release|Any CPU
		{4EADF88E-DFF0-471B-B476-EA0074F0735A}.Ad-Hoc|Mixed Platforms.Build.0 = Release|Any CPU
		{4EADF88E-DFF0-471B-B476-EA0074F0735A}.Ad-Hoc|x86.ActiveCfg = Release|Any CPU
		{4EADF88E-DFF0-471B-B476-EA0074F0735A}.AppStore|Any CPU.ActiveCfg = Release|Any CPU
		{4EADF88E-DFF0-471B-B476-EA0074F0735A}.AppStore|Any CPU.Build.0 = Release|Any CPU
		{4EADF88E-DFF0-471B-B476-EA0074F0735A}.AppStore|ARM.ActiveCfg = Release|Any CPU
		{4EADF88E-DFF0-471B-B476-EA0074F0735A}.AppStore|iPhone.ActiveCfg = Release|Any CPU
		{4EADF88E-DFF0-471B-B476-EA0074F0735A}.AppStore|iPhoneSimulator.ActiveCfg = Release|Any CPU
		{4EADF88E-DFF0-471B-B476-EA0074F0735A}.AppStore|Mixed Platforms.ActiveCfg = Release|Any CPU
		{4EADF88E-DFF0-471B-B476-EA0074F0735A}.AppStore|Mixed Platforms.Build.0 = Release|Any CPU
		{4EADF88E-DFF0-471B-B476-EA0074F0735A}.AppStore|x86.ActiveCfg = Release|Any CPU
		{4EADF88E-DFF0-471B-B476-EA0074F0735A}.Debug|Any CPU.ActiveCfg = Debug|Any CPU
		{4EADF88E-DFF0-471B-B476-EA0074F0735A}.Debug|Any CPU.Build.0 = Debug|Any CPU
		{4EADF88E-DFF0-471B-B476-EA0074F0735A}.Debug|ARM.ActiveCfg = Debug|Any CPU
		{4EADF88E-DFF0-471B-B476-EA0074F0735A}.Debug|iPhone.ActiveCfg = Debug|Any CPU
		{4EADF88E-DFF0-471B-B476-EA0074F0735A}.Debug|iPhoneSimulator.ActiveCfg = Debug|Any CPU
		{4EADF88E-DFF0-471B-B476-EA0074F0735A}.Debug|Mixed Platforms.ActiveCfg = Debug|Any CPU
		{4EADF88E-DFF0-471B-B476-EA0074F0735A}.Debug|Mixed Platforms.Build.0 = Debug|Any CPU
		{4EADF88E-DFF0-471B-B476-EA0074F0735A}.Debug|x86.ActiveCfg = Debug|Any CPU
		{4EADF88E-DFF0-471B-B476-EA0074F0735A}.Release|Any CPU.ActiveCfg = Release|Any CPU
		{4EADF88E-DFF0-471B-B476-EA0074F0735A}.Release|Any CPU.Build.0 = Release|Any CPU
		{4EADF88E-DFF0-471B-B476-EA0074F0735A}.Release|ARM.ActiveCfg = Release|Any CPU
		{4EADF88E-DFF0-471B-B476-EA0074F0735A}.Release|iPhone.ActiveCfg = Release|Any CPU
		{4EADF88E-DFF0-471B-B476-EA0074F0735A}.Release|iPhoneSimulator.ActiveCfg = Release|Any CPU
		{4EADF88E-DFF0-471B-B476-EA0074F0735A}.Release|Mixed Platforms.ActiveCfg = Release|Any CPU
		{4EADF88E-DFF0-471B-B476-EA0074F0735A}.Release|Mixed Platforms.Build.0 = Release|Any CPU
		{4EADF88E-DFF0-471B-B476-EA0074F0735A}.Release|x86.ActiveCfg = Release|Any CPU
	EndGlobalSection
	GlobalSection(SolutionProperties) = preSolution
		HideSolutionNode = FALSE
	EndGlobalSection
	GlobalSection(NestedProjects) = preSolution
		{4A342B6B-97C0-4E34-B2A8-FC200BEC5754} = {863D4CA5-5CA7-4374-8F84-91620FD5B4A1}
		{08359099-7DDB-4819-AFFE-4816CD5E2A24} = {863D4CA5-5CA7-4374-8F84-91620FD5B4A1}
		{97F221CA-0BFD-453A-99FA-3A470D572B77} = {863D4CA5-5CA7-4374-8F84-91620FD5B4A1}
		{A20C4B19-336E-42FA-AE87-2713CC541859} = {863D4CA5-5CA7-4374-8F84-91620FD5B4A1}
		{4EADF88E-DFF0-471B-B476-EA0074F0735A} = {16AEA1DA-BF52-4E7B-9521-BAFC3D2C2B5E}
	EndGlobalSection
EndGlobal
